{
  "name": "GunAddon",
  "lockfileVersion": 2,
  "requires": true,
  "packages": {
    "": {
      "dependencies": {
        "@minecraft/server": "^1.1.0-beta.1.19.60-stable",
        "@minecraft/server-ui": "^1.0.0-beta.release.1.19.50",
        "@types/mojang-gametest": "^0.1.6",
        "@types/mojang-minecraft": "^0.1.7"
      }
    },
    "node_modules/@minecraft/server": {
      "version": "1.1.0-beta.1.19.60-stable",
      "resolved": "https://registry.npmjs.org/@minecraft/server/-/server-1.1.0-beta.1.19.60-stable.tgz",
      "integrity": "sha512-o7koQPeyX/R+MUdgexYMIfoZtdkWgr51s+e1f7gR2EqomTUu8/J/8N3sDEWIdeMU2zM5MzWaezCJK0+rEUpZTg=="
    },
    "node_modules/@minecraft/server-ui": {
      "version": "1.0.0-beta.release.1.19.50",
      "resolved": "https://registry.npmjs.org/@minecraft/server-ui/-/server-ui-1.0.0-beta.release.1.19.50.tgz",
      "integrity": "sha512-hWd1pPmil66kECrbqtMRebp4hSDRbUbjs4+A0L1fvUsXb45uL7HTvuxKIbyhbccTHs3VCod/hQSdoTIzCrsfSw==",
      "dependencies": {
        "@minecraft/server": "1.1.0-beta.release.1.19.50"
      }
    },
    "node_modules/@minecraft/server-ui/node_modules/@minecraft/server": {
      "version": "1.1.0-beta.release.1.19.50",
      "resolved": "https://registry.npmjs.org/@minecraft/server/-/server-1.1.0-beta.release.1.19.50.tgz",
      "integrity": "sha512-cuyY7QMd5HgzI71Pu/Z7Ii6Ux4fNUf2q/OtXZn14+QTRlC3SaPrPvGIVkSswMhQbcPxL7+uRNtN3CAB3H3PJMA=="
    },
    "node_modules/@types/mojang-gametest": {
      "version": "0.1.6",
      "resolved": "https://registry.npmjs.org/@types/mojang-gametest/-/mojang-gametest-0.1.6.tgz",
      "integrity": "sha512-voKbkQ4vZflFKUld/Gg32AFy1bWhIpSdOrJVtB7ciFZpMmnFWMtbN6Y/ek2DegAWhLk1Q/OS1wICZ7ZJgpnbmg==",
      "dependencies": {
        "@types/mojang-minecraft": "*"
      }
    },
    "node_modules/@types/mojang-minecraft": {
      "version": "0.1.7",
      "resolved": "https://registry.npmjs.org/@types/mojang-minecraft/-/mojang-minecraft-0.1.7.tgz",
      "integrity": "sha512-7YkG0SQYJCaqSm6J2SOHpnVjFJXzrx55Jc9FYUM7u/J7LIxnPhG3BKX85S50YLFYqgTFHW0wlBBx9oLLM0oP6A=="
    }
  },
  "dependencies": {
    "@minecraft/server": {
      "version": "1.1.0-beta.1.19.60-stable",
      "resolved": "https://registry.npmjs.org/@minecraft/server/-/server-1.1.0-beta.1.19.60-stable.tgz",
      "integrity": "sha512-o7koQPeyX/R+MUdgexYMIfoZtdkWgr51s+e1f7gR2EqomTUu8/J/8N3sDEWIdeMU2zM5MzWaezCJK0+rEUpZTg=="
    },
    "@minecraft/server-ui": {
      "version": "1.0.0-beta.release.1.19.50",
      "resolved": "https://registry.npmjs.org/@minecraft/server-ui/-/server-ui-1.0.0-beta.release.1.19.50.tgz",
      "integrity": "sha512-hWd1pPmil66kECrbqtMRebp4hSDRbUbjs4+A0L1fvUsXb45uL7HTvuxKIbyhbccTHs3VCod/hQSdoTIzCrsfSw==",
      "requires": {
        "@minecraft/server": "1.1.0-beta.release.1.19.50"
      },
      "dependencies": {
        "@minecraft/server": {
          "version": "1.1.0-beta.release.1.19.50",
          "resolved": "https://registry.npmjs.org/@minecraft/server/-/server-1.1.0-beta.release.1.19.50.tgz",
          "integrity": "sha512-cuyY7QMd5HgzI71Pu/Z7Ii6Ux4fNUf2q/OtXZn14+QTRlC3SaPrPvGIVkSswMhQbcPxL7+uRNtN3CAB3H3PJMA=="
        }
      }
    },
    "@types/mojang-gametest": {
      "version": "0.1.6",
      "resolved": "https://registry.npmjs.org/@types/mojang-gametest/-/mojang-gametest-0.1.6.tgz",
      "integrity": "sha512-voKbkQ4vZflFKUld/Gg32AFy1bWhIpSdOrJVtB7ciFZpMmnFWMtbN6Y/ek2DegAWhLk1Q/OS1wICZ7ZJgpnbmg==",
      "requires": {
        "@types/mojang-minecraft": "*"
      }
    },
    "@types/mojang-minecraft": {
      "version": "0.1.7",
      "resolved": "https://registry.npmjs.org/@types/mojang-minecraft/-/mojang-minecraft-0.1.7.tgz",
      "integrity": "sha512-7YkG0SQYJCaqSm6J2SOHpnVjFJXzrx55Jc9FYUM7u/J7LIxnPhG3BKX85S50YLFYqgTFHW0wlBBx9oLLM0oP6A=="
    }
  }
}
